
Microsoft Visual Studio Solution File, Format Version 12.00
# Visual Studio Version 16
VisualStudioVersion = 16.0.30104.148
MinimumVisualStudioVersion = 10.0.40219.1
Project("{FAE04EC0-301F-11D3-BF4B-00C04F79EFBC}") = "DataProcessor.Domain", "DataProcessor.Domain\DataProcessor.Domain.csproj", "{EB997B4E-CFCA-4D6B-8DBF-DC6930089A5B}"
EndProject
Project("{FAE04EC0-301F-11D3-BF4B-00C04F79EFBC}") = "DataProcessor.DataSource.File", "DataProcessor.DataSource.File\DataProcessor.DataSource.File.csproj", "{B8D451DB-E45B-4D6B-B442-C6CBCDC85602}"
EndProject
Project("{FAE04EC0-301F-11D3-BF4B-00C04F79EFBC}") = "DataProcessor.ProcessDefinition", "DataProcessor.ProcessDefinition\DataProcessor.ProcessDefinition.csproj", "{FEF1C77F-B2B4-47CE-B4CF-405E0E78E11D}"
EndProject
Project("{FAE04EC0-301F-11D3-BF4B-00C04F79EFBC}") = "DataProcessor.ProcessDefinition.Tests", "DataProcessor.ProcessDefinition.Tests\DataProcessor.ProcessDefinition.Tests.csproj", "{AAA85FD4-BC23-4FE2-BC5E-556BB2752BBB}"
EndProject
Project("{FAE04EC0-301F-11D3-BF4B-00C04F79EFBC}") = "DataProcessor.DataSource.File.Tests", "DataProcessor.DataSource.File.Tests\DataProcessor.DataSource.File.Tests.csproj", "{2DB1E784-8389-4BF7-98A3-8C6D980BC5CC}"
EndProject
Global
	GlobalSection(SolutionConfigurationPlatforms) = preSolution
		Debug|Any CPU = Debug|Any CPU
		Release|Any CPU = Release|Any CPU
	EndGlobalSection
	GlobalSection(ProjectConfigurationPlatforms) = postSolution
		{EB997B4E-CFCA-4D6B-8DBF-DC6930089A5B}.Debug|Any CPU.ActiveCfg = Debug|Any CPU
		{EB997B4E-CFCA-4D6B-8DBF-DC6930089A5B}.Debug|Any CPU.Build.0 = Debug|Any CPU
		{EB997B4E-CFCA-4D6B-8DBF-DC6930089A5B}.Release|Any CPU.ActiveCfg = Release|Any CPU
		{EB997B4E-CFCA-4D6B-8DBF-DC6930089A5B}.Release|Any CPU.Build.0 = Release|Any CPU
		{B8D451DB-E45B-4D6B-B442-C6CBCDC85602}.Debug|Any CPU.ActiveCfg = Debug|Any CPU
		{B8D451DB-E45B-4D6B-B442-C6CBCDC85602}.Debug|Any CPU.Build.0 = Debug|Any CPU
		{B8D451DB-E45B-4D6B-B442-C6CBCDC85602}.Release|Any CPU.ActiveCfg = Release|Any CPU
		{B8D451DB-E45B-4D6B-B442-C6CBCDC85602}.Release|Any CPU.Build.0 = Release|Any CPU
		{FEF1C77F-B2B4-47CE-B4CF-405E0E78E11D}.Debug|Any CPU.ActiveCfg = Debug|Any CPU
		{FEF1C77F-B2B4-47CE-B4CF-405E0E78E11D}.Debug|Any CPU.Build.0 = Debug|Any CPU
		{FEF1C77F-B2B4-47CE-B4CF-405E0E78E11D}.Release|Any CPU.ActiveCfg = Release|Any CPU
		{FEF1C77F-B2B4-47CE-B4CF-405E0E78E11D}.Release|Any CPU.Build.0 = Release|Any CPU
		{AAA85FD4-BC23-4FE2-BC5E-556BB2752BBB}.Debug|Any CPU.ActiveCfg = Debug|Any CPU
		{AAA85FD4-BC23-4FE2-BC5E-556BB2752BBB}.Debug|Any CPU.Build.0 = Debug|Any CPU
		{AAA85FD4-BC23-4FE2-BC5E-556BB2752BBB}.Release|Any CPU.ActiveCfg = Release|Any CPU
		{AAA85FD4-BC23-4FE2-BC5E-556BB2752BBB}.Release|Any CPU.Build.0 = Release|Any CPU
		{2DB1E784-8389-4BF7-98A3-8C6D980BC5CC}.Debug|Any CPU.ActiveCfg = Debug|Any CPU
		{2DB1E784-8389-4BF7-98A3-8C6D980BC5CC}.Debug|Any CPU.Build.0 = Debug|Any CPU
		{2DB1E784-8389-4BF7-98A3-8C6D980BC5CC}.Release|Any CPU.ActiveCfg = Release|Any CPU
		{2DB1E784-8389-4BF7-98A3-8C6D980BC5CC}.Release|Any CPU.Build.0 = Release|Any CPU
	EndGlobalSection
	GlobalSection(SolutionProperties) = preSolution
		HideSolutionNode = FALSE
	EndGlobalSection
	GlobalSection(ExtensibilityGlobals) = postSolution
		SolutionGuid = {3265CF9F-BB9C-40FE-987F-2AC08AA4BF03}
	EndGlobalSection
EndGlobal
