
Microsoft Visual Studio Solution File, Format Version 12.00
# Visual Studio Version 16
VisualStudioVersion = 16.0.30104.148
MinimumVisualStudioVersion = 10.0.40219.1
Project("{9A19103F-16F7-4668-BE54-9A1E7A4F7556}") = "DataProcessor.Domain", "DataProcessor.Domain\DataProcessor.Domain.csproj", "{EB997B4E-CFCA-4D6B-8DBF-DC6930089A5B}"
EndProject
Project("{9A19103F-16F7-4668-BE54-9A1E7A4F7556}") = "DataProcessor.DataSource.File", "DataProcessor.DataSource.File\DataProcessor.DataSource.File.csproj", "{B8D451DB-E45B-4D6B-B442-C6CBCDC85602}"
EndProject
Project("{9A19103F-16F7-4668-BE54-9A1E7A4F7556}") = "DataProcessor.DataSource.File.Tests", "DataProcessor.DataSource.File.Tests\DataProcessor.DataSource.File.Tests.csproj", "{2DB1E784-8389-4BF7-98A3-8C6D980BC5CC}"
EndProject
Project("{9A19103F-16F7-4668-BE54-9A1E7A4F7556}") = "DataProcessor.Decoders", "DataProcessor.Decoders\DataProcessor.Decoders.csproj", "{23848E92-0431-4614-8B9F-C5D8AF130CC9}"
EndProject
Project("{9A19103F-16F7-4668-BE54-9A1E7A4F7556}") = "DataProcessor.Decoders.Tests", "DataProcessor.Decoders.Tests\DataProcessor.Decoders.Tests.csproj", "{2D4ED62C-75E5-4952-B2FA-07140BBBCB71}"
EndProject
Project("{9A19103F-16F7-4668-BE54-9A1E7A4F7556}") = "DataProcessor.Domain.Tests", "DataProcessor.Domain.Tests\DataProcessor.Domain.Tests.csproj", "{AD3717F5-30C0-4402-A855-30B556F520AD}"
EndProject
Project("{9A19103F-16F7-4668-BE54-9A1E7A4F7556}") = "DataProcessor.ObjectStore", "DataProcessor.ObjectStore\DataProcessor.ObjectStore.csproj", "{D3C2796E-5BD2-41E6-B4B7-A5A722D17FB9}"
EndProject
Project("{9A19103F-16F7-4668-BE54-9A1E7A4F7556}") = "DataProcessor.ObjectStore.Tests", "DataProcessor.ObjectStore.Tests\DataProcessor.ObjectStore.Tests.csproj", "{EDE16AF9-0CE5-4ECD-9BAE-F31A7AF03F1B}"
EndProject
Project("{FAE04EC0-301F-11D3-BF4B-00C04F79EFBC}") = "DataProcessor.InputDefinitionFile", "DataProcessor.InputDefinitionFile\DataProcessor.InputDefinitionFile.csproj", "{78828C5D-4BC1-4AF0-9D56-CEBEE10183EB}"
EndProject
Project("{FAE04EC0-301F-11D3-BF4B-00C04F79EFBC}") = "DataProcessor.InputDefinitionFile.Tests", "DataProcessor.InputDefinitionFile.Tests\DataProcessor.InputDefinitionFile.Tests.csproj", "{6B719E38-1A41-4669-A84C-51297BFB4CC0}"
EndProject
Project("{FAE04EC0-301F-11D3-BF4B-00C04F79EFBC}") = "DataProcessor.ProcessorDefinition", "DataProcessor.ProcessorDefinition\DataProcessor.ProcessorDefinition.csproj", "{BCC68EA4-7EF0-40F7-8DA2-F2E59DAD3673}"
EndProject
Project("{FAE04EC0-301F-11D3-BF4B-00C04F79EFBC}") = "DataProcessor.ProcessorDefinition.Tests", "DataProcessor.ProcessorDefinition.Tests\DataProcessor.ProcessorDefinition.Tests.csproj", "{B995EDFD-9AD2-4896-BE26-2E7DCA7D8C33}"
EndProject
Project("{FAE04EC0-301F-11D3-BF4B-00C04F79EFBC}") = "DataProcessor", "DataProcessor\DataProcessor.csproj", "{2FDDA857-23A7-4015-B319-2277EA4444ED}"
EndProject
Project("{FAE04EC0-301F-11D3-BF4B-00C04F79EFBC}") = "DataProcessor.Tests", "DataProcessor.Tests\DataProcessor.Tests.csproj", "{407B24DD-D84F-44FC-8620-C1F4AD1D20B3}"
EndProject
Global
	GlobalSection(SolutionConfigurationPlatforms) = preSolution
		Debug|Any CPU = Debug|Any CPU
		Release|Any CPU = Release|Any CPU
	EndGlobalSection
	GlobalSection(ProjectConfigurationPlatforms) = postSolution
		{EB997B4E-CFCA-4D6B-8DBF-DC6930089A5B}.Debug|Any CPU.ActiveCfg = Debug|Any CPU
		{EB997B4E-CFCA-4D6B-8DBF-DC6930089A5B}.Debug|Any CPU.Build.0 = Debug|Any CPU
		{EB997B4E-CFCA-4D6B-8DBF-DC6930089A5B}.Release|Any CPU.ActiveCfg = Release|Any CPU
		{EB997B4E-CFCA-4D6B-8DBF-DC6930089A5B}.Release|Any CPU.Build.0 = Release|Any CPU
		{B8D451DB-E45B-4D6B-B442-C6CBCDC85602}.Debug|Any CPU.ActiveCfg = Debug|Any CPU
		{B8D451DB-E45B-4D6B-B442-C6CBCDC85602}.Debug|Any CPU.Build.0 = Debug|Any CPU
		{B8D451DB-E45B-4D6B-B442-C6CBCDC85602}.Release|Any CPU.ActiveCfg = Release|Any CPU
		{B8D451DB-E45B-4D6B-B442-C6CBCDC85602}.Release|Any CPU.Build.0 = Release|Any CPU
		{2DB1E784-8389-4BF7-98A3-8C6D980BC5CC}.Debug|Any CPU.ActiveCfg = Debug|Any CPU
		{2DB1E784-8389-4BF7-98A3-8C6D980BC5CC}.Debug|Any CPU.Build.0 = Debug|Any CPU
		{2DB1E784-8389-4BF7-98A3-8C6D980BC5CC}.Release|Any CPU.ActiveCfg = Release|Any CPU
		{2DB1E784-8389-4BF7-98A3-8C6D980BC5CC}.Release|Any CPU.Build.0 = Release|Any CPU
		{23848E92-0431-4614-8B9F-C5D8AF130CC9}.Debug|Any CPU.ActiveCfg = Debug|Any CPU
		{23848E92-0431-4614-8B9F-C5D8AF130CC9}.Debug|Any CPU.Build.0 = Debug|Any CPU
		{23848E92-0431-4614-8B9F-C5D8AF130CC9}.Release|Any CPU.ActiveCfg = Release|Any CPU
		{23848E92-0431-4614-8B9F-C5D8AF130CC9}.Release|Any CPU.Build.0 = Release|Any CPU
		{2D4ED62C-75E5-4952-B2FA-07140BBBCB71}.Debug|Any CPU.ActiveCfg = Debug|Any CPU
		{2D4ED62C-75E5-4952-B2FA-07140BBBCB71}.Debug|Any CPU.Build.0 = Debug|Any CPU
		{2D4ED62C-75E5-4952-B2FA-07140BBBCB71}.Release|Any CPU.ActiveCfg = Release|Any CPU
		{2D4ED62C-75E5-4952-B2FA-07140BBBCB71}.Release|Any CPU.Build.0 = Release|Any CPU
		{AD3717F5-30C0-4402-A855-30B556F520AD}.Debug|Any CPU.ActiveCfg = Debug|Any CPU
		{AD3717F5-30C0-4402-A855-30B556F520AD}.Debug|Any CPU.Build.0 = Debug|Any CPU
		{AD3717F5-30C0-4402-A855-30B556F520AD}.Release|Any CPU.ActiveCfg = Release|Any CPU
		{AD3717F5-30C0-4402-A855-30B556F520AD}.Release|Any CPU.Build.0 = Release|Any CPU
		{D3C2796E-5BD2-41E6-B4B7-A5A722D17FB9}.Debug|Any CPU.ActiveCfg = Debug|Any CPU
		{D3C2796E-5BD2-41E6-B4B7-A5A722D17FB9}.Debug|Any CPU.Build.0 = Debug|Any CPU
		{D3C2796E-5BD2-41E6-B4B7-A5A722D17FB9}.Release|Any CPU.ActiveCfg = Release|Any CPU
		{D3C2796E-5BD2-41E6-B4B7-A5A722D17FB9}.Release|Any CPU.Build.0 = Release|Any CPU
		{EDE16AF9-0CE5-4ECD-9BAE-F31A7AF03F1B}.Debug|Any CPU.ActiveCfg = Debug|Any CPU
		{EDE16AF9-0CE5-4ECD-9BAE-F31A7AF03F1B}.Debug|Any CPU.Build.0 = Debug|Any CPU
		{EDE16AF9-0CE5-4ECD-9BAE-F31A7AF03F1B}.Release|Any CPU.ActiveCfg = Release|Any CPU
		{EDE16AF9-0CE5-4ECD-9BAE-F31A7AF03F1B}.Release|Any CPU.Build.0 = Release|Any CPU
		{78828C5D-4BC1-4AF0-9D56-CEBEE10183EB}.Debug|Any CPU.ActiveCfg = Debug|Any CPU
		{78828C5D-4BC1-4AF0-9D56-CEBEE10183EB}.Debug|Any CPU.Build.0 = Debug|Any CPU
		{78828C5D-4BC1-4AF0-9D56-CEBEE10183EB}.Release|Any CPU.ActiveCfg = Release|Any CPU
		{78828C5D-4BC1-4AF0-9D56-CEBEE10183EB}.Release|Any CPU.Build.0 = Release|Any CPU
		{6B719E38-1A41-4669-A84C-51297BFB4CC0}.Debug|Any CPU.ActiveCfg = Debug|Any CPU
		{6B719E38-1A41-4669-A84C-51297BFB4CC0}.Debug|Any CPU.Build.0 = Debug|Any CPU
		{6B719E38-1A41-4669-A84C-51297BFB4CC0}.Release|Any CPU.ActiveCfg = Release|Any CPU
		{6B719E38-1A41-4669-A84C-51297BFB4CC0}.Release|Any CPU.Build.0 = Release|Any CPU
		{BCC68EA4-7EF0-40F7-8DA2-F2E59DAD3673}.Debug|Any CPU.ActiveCfg = Debug|Any CPU
		{BCC68EA4-7EF0-40F7-8DA2-F2E59DAD3673}.Debug|Any CPU.Build.0 = Debug|Any CPU
		{BCC68EA4-7EF0-40F7-8DA2-F2E59DAD3673}.Release|Any CPU.ActiveCfg = Release|Any CPU
		{BCC68EA4-7EF0-40F7-8DA2-F2E59DAD3673}.Release|Any CPU.Build.0 = Release|Any CPU
		{B995EDFD-9AD2-4896-BE26-2E7DCA7D8C33}.Debug|Any CPU.ActiveCfg = Debug|Any CPU
		{B995EDFD-9AD2-4896-BE26-2E7DCA7D8C33}.Debug|Any CPU.Build.0 = Debug|Any CPU
		{B995EDFD-9AD2-4896-BE26-2E7DCA7D8C33}.Release|Any CPU.ActiveCfg = Release|Any CPU
		{B995EDFD-9AD2-4896-BE26-2E7DCA7D8C33}.Release|Any CPU.Build.0 = Release|Any CPU
		{2FDDA857-23A7-4015-B319-2277EA4444ED}.Debug|Any CPU.ActiveCfg = Debug|Any CPU
		{2FDDA857-23A7-4015-B319-2277EA4444ED}.Debug|Any CPU.Build.0 = Debug|Any CPU
		{2FDDA857-23A7-4015-B319-2277EA4444ED}.Release|Any CPU.ActiveCfg = Release|Any CPU
		{2FDDA857-23A7-4015-B319-2277EA4444ED}.Release|Any CPU.Build.0 = Release|Any CPU
		{407B24DD-D84F-44FC-8620-C1F4AD1D20B3}.Debug|Any CPU.ActiveCfg = Debug|Any CPU
		{407B24DD-D84F-44FC-8620-C1F4AD1D20B3}.Debug|Any CPU.Build.0 = Debug|Any CPU
		{407B24DD-D84F-44FC-8620-C1F4AD1D20B3}.Release|Any CPU.ActiveCfg = Release|Any CPU
		{407B24DD-D84F-44FC-8620-C1F4AD1D20B3}.Release|Any CPU.Build.0 = Release|Any CPU
	EndGlobalSection
	GlobalSection(SolutionProperties) = preSolution
		HideSolutionNode = FALSE
	EndGlobalSection
	GlobalSection(ExtensibilityGlobals) = postSolution
		SolutionGuid = {3265CF9F-BB9C-40FE-987F-2AC08AA4BF03}
	EndGlobalSection
EndGlobal
