
Microsoft Visual Studio Solution File, Format Version 12.00
# Visual Studio Version 16
VisualStudioVersion = 16.0.30104.148
MinimumVisualStudioVersion = 10.0.40219.1
Project("{9A19103F-16F7-4668-BE54-9A1E7A4F7556}") = "DataProcessor.DataSource.File.Tests", "DataProcessor.DataSource.File.Tests\DataProcessor.DataSource.File.Tests.csproj", "{2DB1E784-8389-4BF7-98A3-8C6D980BC5CC}"
EndProject
Project("{9A19103F-16F7-4668-BE54-9A1E7A4F7556}") = "DataProcessor.Decoders.Tests", "DataProcessor.Decoders.Tests\DataProcessor.Decoders.Tests.csproj", "{2D4ED62C-75E5-4952-B2FA-07140BBBCB71}"
EndProject
Project("{9A19103F-16F7-4668-BE54-9A1E7A4F7556}") = "DataProcessor.ObjectStore.Tests", "DataProcessor.ObjectStore.Tests\DataProcessor.ObjectStore.Tests.csproj", "{EDE16AF9-0CE5-4ECD-9BAE-F31A7AF03F1B}"
EndProject
Project("{9A19103F-16F7-4668-BE54-9A1E7A4F7556}") = "DataProcessor.InputDefinitionFile.Tests", "DataProcessor.InputDefinitionFile.Tests\DataProcessor.InputDefinitionFile.Tests.csproj", "{6B719E38-1A41-4669-A84C-51297BFB4CC0}"
EndProject
Project("{9A19103F-16F7-4668-BE54-9A1E7A4F7556}") = "DataProcessor.ProcessorDefinition.Tests", "DataProcessor.ProcessorDefinition.Tests\DataProcessor.ProcessorDefinition.Tests.csproj", "{B995EDFD-9AD2-4896-BE26-2E7DCA7D8C33}"
EndProject
Project("{9A19103F-16F7-4668-BE54-9A1E7A4F7556}") = "DataProcessor", "DataProcessor\DataProcessor.csproj", "{2FDDA857-23A7-4015-B319-2277EA4444ED}"
EndProject
Project("{9A19103F-16F7-4668-BE54-9A1E7A4F7556}") = "DataProcessor.Tests", "DataProcessor.Tests\DataProcessor.Tests.csproj", "{407B24DD-D84F-44FC-8620-C1F4AD1D20B3}"
EndProject
Project("{9A19103F-16F7-4668-BE54-9A1E7A4F7556}") = "DataProcessor.Rules.Tests", "DataProcessor.Rules.Tests\DataProcessor.Rules.Tests.csproj", "{456057A3-34E4-46B4-A4F2-B0528DBA8337}"
EndProject
Project("{9A19103F-16F7-4668-BE54-9A1E7A4F7556}") = "DataProcessor.Aggregators.Tests", "DataProcessor.Aggregators.Tests\DataProcessor.Aggregators.Tests.csproj", "{A656591F-CE54-4A8A-A303-24001F3E9499}"
EndProject
Project("{00D1A9C2-B5F0-4AF3-8072-F6C62B433612}") = "DataProcessor.Database.SqlServer", "DataProcessor.Database.SqlServer\DataProcessor.Database.SqlServer.sqlproj", "{4EDA8E2E-B89F-48C2-8B7E-CAA0AB01FB76}"
EndProject
Project("{9A19103F-16F7-4668-BE54-9A1E7A4F7556}") = "DataProcessor.DataSource.Tests", "DataProcessor.DataSource.Tests\DataProcessor.DataSource.Tests.csproj", "{FE08B8A3-B18F-4895-AEE6-63FDFBDF6823}"
EndProject
Project("{9A19103F-16F7-4668-BE54-9A1E7A4F7556}") = "DataProcessor.DataSource.InMemory.Tests", "DataProcessor.DataSource.InMemory.Tests\DataProcessor.DataSource.InMemory.Tests.csproj", "{93A459AC-446E-48C6-9B74-1A37ABC54FBE}"
EndProject
Project("{9A19103F-16F7-4668-BE54-9A1E7A4F7556}") = "DataProcessor.ObjectStore.Tests.Lib", "DataProcessor.ObjectStore.Tests.Lib\DataProcessor.ObjectStore.Tests.Lib.csproj", "{0D3F4737-9328-44BB-8DDE-7C65A1C6234F}"
EndProject
Project("{2150E333-8FDC-42A3-9474-1A3956D46DE8}") = "Tests", "Tests", "{1F8E7641-B157-4F61-AABB-9AEAB66F138E}"
EndProject
Project("{9A19103F-16F7-4668-BE54-9A1E7A4F7556}") = "DataProcessor.DataSource.Stream.Tests", "DataProcessor.DataSource.Stream.Tests\DataProcessor.DataSource.Stream.Tests.csproj", "{C29A5865-ED07-4C75-9616-2736AA4CD55A}"
EndProject
Project("{2150E333-8FDC-42A3-9474-1A3956D46DE8}") = "Tools", "Tools", "{CEFDBB1C-6320-458A-919B-62A0D1685A57}"
EndProject
Project("{9A19103F-16F7-4668-BE54-9A1E7A4F7556}") = "FileValidator.Domain", "FileValidator.Domain\FileValidator.Domain.csproj", "{E8DAD325-7D69-4DC6-A2CF-BB4DF203FCB3}"
EndProject
Project("{9A19103F-16F7-4668-BE54-9A1E7A4F7556}") = "FileValidator.Blazor", "FileValidator.Blazor\FileValidator.Blazor.csproj", "{F0E6D099-7435-4496-9685-F2967A45A2E1}"
EndProject
Global
	GlobalSection(SolutionConfigurationPlatforms) = preSolution
		Debug|Any CPU = Debug|Any CPU
		Release|Any CPU = Release|Any CPU
	EndGlobalSection
	GlobalSection(ProjectConfigurationPlatforms) = postSolution
		{2DB1E784-8389-4BF7-98A3-8C6D980BC5CC}.Debug|Any CPU.ActiveCfg = Debug|Any CPU
		{2DB1E784-8389-4BF7-98A3-8C6D980BC5CC}.Debug|Any CPU.Build.0 = Debug|Any CPU
		{2DB1E784-8389-4BF7-98A3-8C6D980BC5CC}.Release|Any CPU.ActiveCfg = Release|Any CPU
		{2DB1E784-8389-4BF7-98A3-8C6D980BC5CC}.Release|Any CPU.Build.0 = Release|Any CPU
		{2D4ED62C-75E5-4952-B2FA-07140BBBCB71}.Debug|Any CPU.ActiveCfg = Debug|Any CPU
		{2D4ED62C-75E5-4952-B2FA-07140BBBCB71}.Debug|Any CPU.Build.0 = Debug|Any CPU
		{2D4ED62C-75E5-4952-B2FA-07140BBBCB71}.Release|Any CPU.ActiveCfg = Release|Any CPU
		{2D4ED62C-75E5-4952-B2FA-07140BBBCB71}.Release|Any CPU.Build.0 = Release|Any CPU
		{EDE16AF9-0CE5-4ECD-9BAE-F31A7AF03F1B}.Debug|Any CPU.ActiveCfg = Debug|Any CPU
		{EDE16AF9-0CE5-4ECD-9BAE-F31A7AF03F1B}.Debug|Any CPU.Build.0 = Debug|Any CPU
		{EDE16AF9-0CE5-4ECD-9BAE-F31A7AF03F1B}.Release|Any CPU.ActiveCfg = Release|Any CPU
		{EDE16AF9-0CE5-4ECD-9BAE-F31A7AF03F1B}.Release|Any CPU.Build.0 = Release|Any CPU
		{6B719E38-1A41-4669-A84C-51297BFB4CC0}.Debug|Any CPU.ActiveCfg = Debug|Any CPU
		{6B719E38-1A41-4669-A84C-51297BFB4CC0}.Debug|Any CPU.Build.0 = Debug|Any CPU
		{6B719E38-1A41-4669-A84C-51297BFB4CC0}.Release|Any CPU.ActiveCfg = Release|Any CPU
		{6B719E38-1A41-4669-A84C-51297BFB4CC0}.Release|Any CPU.Build.0 = Release|Any CPU
		{B995EDFD-9AD2-4896-BE26-2E7DCA7D8C33}.Debug|Any CPU.ActiveCfg = Debug|Any CPU
		{B995EDFD-9AD2-4896-BE26-2E7DCA7D8C33}.Debug|Any CPU.Build.0 = Debug|Any CPU
		{B995EDFD-9AD2-4896-BE26-2E7DCA7D8C33}.Release|Any CPU.ActiveCfg = Release|Any CPU
		{B995EDFD-9AD2-4896-BE26-2E7DCA7D8C33}.Release|Any CPU.Build.0 = Release|Any CPU
		{2FDDA857-23A7-4015-B319-2277EA4444ED}.Debug|Any CPU.ActiveCfg = Debug|Any CPU
		{2FDDA857-23A7-4015-B319-2277EA4444ED}.Debug|Any CPU.Build.0 = Debug|Any CPU
		{2FDDA857-23A7-4015-B319-2277EA4444ED}.Release|Any CPU.ActiveCfg = Release|Any CPU
		{2FDDA857-23A7-4015-B319-2277EA4444ED}.Release|Any CPU.Build.0 = Release|Any CPU
		{407B24DD-D84F-44FC-8620-C1F4AD1D20B3}.Debug|Any CPU.ActiveCfg = Debug|Any CPU
		{407B24DD-D84F-44FC-8620-C1F4AD1D20B3}.Debug|Any CPU.Build.0 = Debug|Any CPU
		{407B24DD-D84F-44FC-8620-C1F4AD1D20B3}.Release|Any CPU.ActiveCfg = Release|Any CPU
		{407B24DD-D84F-44FC-8620-C1F4AD1D20B3}.Release|Any CPU.Build.0 = Release|Any CPU
		{456057A3-34E4-46B4-A4F2-B0528DBA8337}.Debug|Any CPU.ActiveCfg = Debug|Any CPU
		{456057A3-34E4-46B4-A4F2-B0528DBA8337}.Debug|Any CPU.Build.0 = Debug|Any CPU
		{456057A3-34E4-46B4-A4F2-B0528DBA8337}.Release|Any CPU.ActiveCfg = Release|Any CPU
		{456057A3-34E4-46B4-A4F2-B0528DBA8337}.Release|Any CPU.Build.0 = Release|Any CPU
		{A656591F-CE54-4A8A-A303-24001F3E9499}.Debug|Any CPU.ActiveCfg = Debug|Any CPU
		{A656591F-CE54-4A8A-A303-24001F3E9499}.Debug|Any CPU.Build.0 = Debug|Any CPU
		{A656591F-CE54-4A8A-A303-24001F3E9499}.Release|Any CPU.ActiveCfg = Release|Any CPU
		{A656591F-CE54-4A8A-A303-24001F3E9499}.Release|Any CPU.Build.0 = Release|Any CPU
		{4EDA8E2E-B89F-48C2-8B7E-CAA0AB01FB76}.Debug|Any CPU.ActiveCfg = Debug|Any CPU
		{4EDA8E2E-B89F-48C2-8B7E-CAA0AB01FB76}.Debug|Any CPU.Build.0 = Debug|Any CPU
		{4EDA8E2E-B89F-48C2-8B7E-CAA0AB01FB76}.Debug|Any CPU.Deploy.0 = Debug|Any CPU
		{4EDA8E2E-B89F-48C2-8B7E-CAA0AB01FB76}.Release|Any CPU.ActiveCfg = Release|Any CPU
		{4EDA8E2E-B89F-48C2-8B7E-CAA0AB01FB76}.Release|Any CPU.Build.0 = Release|Any CPU
		{4EDA8E2E-B89F-48C2-8B7E-CAA0AB01FB76}.Release|Any CPU.Deploy.0 = Release|Any CPU
		{FE08B8A3-B18F-4895-AEE6-63FDFBDF6823}.Debug|Any CPU.ActiveCfg = Debug|Any CPU
		{FE08B8A3-B18F-4895-AEE6-63FDFBDF6823}.Debug|Any CPU.Build.0 = Debug|Any CPU
		{FE08B8A3-B18F-4895-AEE6-63FDFBDF6823}.Release|Any CPU.ActiveCfg = Release|Any CPU
		{FE08B8A3-B18F-4895-AEE6-63FDFBDF6823}.Release|Any CPU.Build.0 = Release|Any CPU
		{93A459AC-446E-48C6-9B74-1A37ABC54FBE}.Debug|Any CPU.ActiveCfg = Debug|Any CPU
		{93A459AC-446E-48C6-9B74-1A37ABC54FBE}.Debug|Any CPU.Build.0 = Debug|Any CPU
		{93A459AC-446E-48C6-9B74-1A37ABC54FBE}.Release|Any CPU.ActiveCfg = Release|Any CPU
		{93A459AC-446E-48C6-9B74-1A37ABC54FBE}.Release|Any CPU.Build.0 = Release|Any CPU
		{0D3F4737-9328-44BB-8DDE-7C65A1C6234F}.Debug|Any CPU.ActiveCfg = Debug|Any CPU
		{0D3F4737-9328-44BB-8DDE-7C65A1C6234F}.Debug|Any CPU.Build.0 = Debug|Any CPU
		{0D3F4737-9328-44BB-8DDE-7C65A1C6234F}.Release|Any CPU.ActiveCfg = Release|Any CPU
		{0D3F4737-9328-44BB-8DDE-7C65A1C6234F}.Release|Any CPU.Build.0 = Release|Any CPU
		{C29A5865-ED07-4C75-9616-2736AA4CD55A}.Debug|Any CPU.ActiveCfg = Debug|Any CPU
		{C29A5865-ED07-4C75-9616-2736AA4CD55A}.Debug|Any CPU.Build.0 = Debug|Any CPU
		{C29A5865-ED07-4C75-9616-2736AA4CD55A}.Release|Any CPU.ActiveCfg = Release|Any CPU
		{C29A5865-ED07-4C75-9616-2736AA4CD55A}.Release|Any CPU.Build.0 = Release|Any CPU
		{E8DAD325-7D69-4DC6-A2CF-BB4DF203FCB3}.Debug|Any CPU.ActiveCfg = Debug|Any CPU
		{E8DAD325-7D69-4DC6-A2CF-BB4DF203FCB3}.Debug|Any CPU.Build.0 = Debug|Any CPU
		{E8DAD325-7D69-4DC6-A2CF-BB4DF203FCB3}.Release|Any CPU.ActiveCfg = Release|Any CPU
		{E8DAD325-7D69-4DC6-A2CF-BB4DF203FCB3}.Release|Any CPU.Build.0 = Release|Any CPU
		{F0E6D099-7435-4496-9685-F2967A45A2E1}.Debug|Any CPU.ActiveCfg = Debug|Any CPU
		{F0E6D099-7435-4496-9685-F2967A45A2E1}.Debug|Any CPU.Build.0 = Debug|Any CPU
		{F0E6D099-7435-4496-9685-F2967A45A2E1}.Release|Any CPU.ActiveCfg = Release|Any CPU
		{F0E6D099-7435-4496-9685-F2967A45A2E1}.Release|Any CPU.Build.0 = Release|Any CPU
	EndGlobalSection
	GlobalSection(SolutionProperties) = preSolution
		HideSolutionNode = FALSE
	EndGlobalSection
	GlobalSection(NestedProjects) = preSolution
		{2DB1E784-8389-4BF7-98A3-8C6D980BC5CC} = {1F8E7641-B157-4F61-AABB-9AEAB66F138E}
		{2D4ED62C-75E5-4952-B2FA-07140BBBCB71} = {1F8E7641-B157-4F61-AABB-9AEAB66F138E}
		{EDE16AF9-0CE5-4ECD-9BAE-F31A7AF03F1B} = {1F8E7641-B157-4F61-AABB-9AEAB66F138E}
		{6B719E38-1A41-4669-A84C-51297BFB4CC0} = {1F8E7641-B157-4F61-AABB-9AEAB66F138E}
		{B995EDFD-9AD2-4896-BE26-2E7DCA7D8C33} = {1F8E7641-B157-4F61-AABB-9AEAB66F138E}
		{407B24DD-D84F-44FC-8620-C1F4AD1D20B3} = {1F8E7641-B157-4F61-AABB-9AEAB66F138E}
		{456057A3-34E4-46B4-A4F2-B0528DBA8337} = {1F8E7641-B157-4F61-AABB-9AEAB66F138E}
		{A656591F-CE54-4A8A-A303-24001F3E9499} = {1F8E7641-B157-4F61-AABB-9AEAB66F138E}
		{FE08B8A3-B18F-4895-AEE6-63FDFBDF6823} = {1F8E7641-B157-4F61-AABB-9AEAB66F138E}
		{93A459AC-446E-48C6-9B74-1A37ABC54FBE} = {1F8E7641-B157-4F61-AABB-9AEAB66F138E}
		{0D3F4737-9328-44BB-8DDE-7C65A1C6234F} = {1F8E7641-B157-4F61-AABB-9AEAB66F138E}
		{C29A5865-ED07-4C75-9616-2736AA4CD55A} = {1F8E7641-B157-4F61-AABB-9AEAB66F138E}
		{E8DAD325-7D69-4DC6-A2CF-BB4DF203FCB3} = {CEFDBB1C-6320-458A-919B-62A0D1685A57}
		{F0E6D099-7435-4496-9685-F2967A45A2E1} = {CEFDBB1C-6320-458A-919B-62A0D1685A57}
	EndGlobalSection
	GlobalSection(ExtensibilityGlobals) = postSolution
		SolutionGuid = {3265CF9F-BB9C-40FE-987F-2AC08AA4BF03}
	EndGlobalSection
EndGlobal
